
Microsoft Visual Studio Solution File, Format Version 11.00
# Visual Studio 2010
Project("{F184B08F-C81C-45F6-A57F-5ABD9991F28F}") = "TP1 - Simulacion", "TP1 - Simulacion\TP1 - Simulacion.vbproj", "{F80CC8F7-4CC2-4F8E-96CE-ACD6A821C4AE}"
EndProject
Global
	GlobalSection(SolutionConfigurationPlatforms) = preSolution
		Debug|x86 = Debug|x86
		Release|x86 = Release|x86
	EndGlobalSection
	GlobalSection(ProjectConfigurationPlatforms) = postSolution
		{F80CC8F7-4CC2-4F8E-96CE-ACD6A821C4AE}.Debug|x86.ActiveCfg = Debug|x86
		{F80CC8F7-4CC2-4F8E-96CE-ACD6A821C4AE}.Debug|x86.Build.0 = Debug|x86
		{F80CC8F7-4CC2-4F8E-96CE-ACD6A821C4AE}.Release|x86.ActiveCfg = Release|x86
		{F80CC8F7-4CC2-4F8E-96CE-ACD6A821C4AE}.Release|x86.Build.0 = Release|x86
	EndGlobalSection
	GlobalSection(SolutionProperties) = preSolution
		HideSolutionNode = FALSE
	EndGlobalSection
EndGlobal
